
Microsoft Visual Studio Solution File, Format Version 12.00
# Visual Studio Version 17
VisualStudioVersion = 17.0.32112.339
MinimumVisualStudioVersion = 10.0.40219.1
Project("{FAE04EC0-301F-11D3-BF4B-00C04F79EFBC}") = "SuperJogoDaVelha", "SuperJogoDaVelha.csproj", "{5A348B8D-CDDA-4FD1-AB3C-5EEECB35B937}"
EndProject
Global
	GlobalSection(SolutionConfigurationPlatforms) = preSolution
		Debug|Any CPU = Debug|Any CPU
		Release|Any CPU = Release|Any CPU
	EndGlobalSection
	GlobalSection(ProjectConfigurationPlatforms) = postSolution
		{5A348B8D-CDDA-4FD1-AB3C-5EEECB35B937}.Debug|Any CPU.ActiveCfg = Debug|Any CPU
		{5A348B8D-CDDA-4FD1-AB3C-5EEECB35B937}.Debug|Any CPU.Build.0 = Debug|Any CPU
		{5A348B8D-CDDA-4FD1-AB3C-5EEECB35B937}.Release|Any CPU.ActiveCfg = Release|Any CPU
		{5A348B8D-CDDA-4FD1-AB3C-5EEECB35B937}.Release|Any CPU.Build.0 = Release|Any CPU
	EndGlobalSection
	GlobalSection(SolutionProperties) = preSolution
		HideSolutionNode = FALSE
	EndGlobalSection
	GlobalSection(ExtensibilityGlobals) = postSolution
		SolutionGuid = {C780D389-0B52-4648-9E0D-E746FC8FF129}
	EndGlobalSection
EndGlobal
